
Microsoft Visual Studio Solution File, Format Version 12.00
# Visual Studio 15
Project("{FAE04EC0-301F-11D3-BF4B-00C04F79EFBC}") = "Assembly-CSharp", "Assembly-CSharp.csproj", "{AB397963-24E0-B286-67FC-5EE125F36469}"
EndProject
Project("{FAE04EC0-301F-11D3-BF4B-00C04F79EFBC}") = "VuforiaScripts", "VuforiaScripts.csproj", "{14D92C6D-BC92-35CF-66B6-7E479F5D715E}"
EndProject
Project("{FAE04EC0-301F-11D3-BF4B-00C04F79EFBC}") = "Assembly-CSharp-Editor", "Assembly-CSharp-Editor.csproj", "{B2E50BFB-750F-9ACD-FB93-AAAFED34DD0B}"
EndProject
Project("{FAE04EC0-301F-11D3-BF4B-00C04F79EFBC}") = "VuforiaEditorScripts", "VuforiaEditorScripts.csproj", "{37FE98CD-3F17-5768-5C7D-9D5993B12C50}"
EndProject
Global
	GlobalSection(SolutionConfigurationPlatforms) = preSolution
		Debug|Any CPU = Debug|Any CPU
		Release|Any CPU = Release|Any CPU
	EndGlobalSection
	GlobalSection(ProjectConfigurationPlatforms) = postSolution
		{AB397963-24E0-B286-67FC-5EE125F36469}.Debug|Any CPU.ActiveCfg = Debug|Any CPU
		{AB397963-24E0-B286-67FC-5EE125F36469}.Debug|Any CPU.Build.0 = Debug|Any CPU
		{AB397963-24E0-B286-67FC-5EE125F36469}.Release|Any CPU.ActiveCfg = Release|Any CPU
		{AB397963-24E0-B286-67FC-5EE125F36469}.Release|Any CPU.Build.0 = Release|Any CPU
		{14D92C6D-BC92-35CF-66B6-7E479F5D715E}.Debug|Any CPU.ActiveCfg = Debug|Any CPU
		{14D92C6D-BC92-35CF-66B6-7E479F5D715E}.Debug|Any CPU.Build.0 = Debug|Any CPU
		{14D92C6D-BC92-35CF-66B6-7E479F5D715E}.Release|Any CPU.ActiveCfg = Release|Any CPU
		{14D92C6D-BC92-35CF-66B6-7E479F5D715E}.Release|Any CPU.Build.0 = Release|Any CPU
		{B2E50BFB-750F-9ACD-FB93-AAAFED34DD0B}.Debug|Any CPU.ActiveCfg = Debug|Any CPU
		{B2E50BFB-750F-9ACD-FB93-AAAFED34DD0B}.Debug|Any CPU.Build.0 = Debug|Any CPU
		{B2E50BFB-750F-9ACD-FB93-AAAFED34DD0B}.Release|Any CPU.ActiveCfg = Release|Any CPU
		{B2E50BFB-750F-9ACD-FB93-AAAFED34DD0B}.Release|Any CPU.Build.0 = Release|Any CPU
		{37FE98CD-3F17-5768-5C7D-9D5993B12C50}.Debug|Any CPU.ActiveCfg = Debug|Any CPU
		{37FE98CD-3F17-5768-5C7D-9D5993B12C50}.Debug|Any CPU.Build.0 = Debug|Any CPU
		{37FE98CD-3F17-5768-5C7D-9D5993B12C50}.Release|Any CPU.ActiveCfg = Release|Any CPU
		{37FE98CD-3F17-5768-5C7D-9D5993B12C50}.Release|Any CPU.Build.0 = Release|Any CPU
	EndGlobalSection
	GlobalSection(SolutionProperties) = preSolution
		HideSolutionNode = FALSE
	EndGlobalSection
EndGlobal
